{
    "_readme": [
        "This file locks the dependencies of your project to a known state",
        "Read more about it at https://getcomposer.org/doc/01-basic-usage.md#composer-lock-the-lock-file",
        "This file is @generated automatically"
    ],
    "content-hash": "ad834f6fa09e255fad896daaf8c209ad",
    "packages": [
        {
            "name": "ReadersDigest/Altitude-Pro",
            "version": "1.1.3",
            "source": {
                "type": "git",
                "url": "git@github.com:ReadersDigest/altitude-pro.git",
                "reference": "d19956f5f63ecf1a069e22591b00e036488083b1"
            },
            "dist": {
                "type": "zip",
                "url": "https://api.github.com/repos/ReadersDigest/altitude-pro/zipball/d19956f5f63ecf1a069e22591b00e036488083b1",
                "reference": "d19956f5f63ecf1a069e22591b00e036488083b1",
                "shasum": ""
            },
            "require": {
                "composer/installers": "v1.2.0",
                "php": ">=5.6"
            },
            "type": "wordpress-theme",
            "license": [
                "GPL-2"
            ],
            "description": "Altitude Pro Theme.",
            "homepage": "https://my.studiopress.com/",
            "keywords": [
                "framework",
                "theme"
            ],
            "support": {
                "source": "https://github.com/ReadersDigest/altitude-pro/tree/1.1.3",
                "issues": "https://github.com/ReadersDigest/altitude-pro/issues"
            },
            "time": "2018-03-13T10:15:11+00:00"
        },
        {
            "name": "ReadersDigest/Magazine-Pro",
            "version": "3.2.4",
            "source": {
                "type": "git",
                "url": "git@github.com:ReadersDigest/magazine-pro.git",
                "reference": "ad45a5b0fc55e9b0bba66c3e97398b17cec7cd45"
            },
            "dist": {
                "type": "zip",
                "url": "https://api.github.com/repos/ReadersDigest/magazine-pro/zipball/ad45a5b0fc55e9b0bba66c3e97398b17cec7cd45",
                "reference": "ad45a5b0fc55e9b0bba66c3e97398b17cec7cd45",
                "shasum": ""
            },
            "require": {
                "composer/installers": "v1.2.0",
                "php": ">=5.6"
            },
            "type": "wordpress-theme",
            "license": [
                "GPL-2"
            ],
            "description": "Magazine Pro Theme.",
            "homepage": "https://my.studiopress.com/",
            "keywords": [
                "framework",
                "theme"
            ],
            "support": {
                "source": "https://github.com/ReadersDigest/magazine-pro/tree/3.2.4",
                "issues": "https://github.com/ReadersDigest/magazine-pro/issues"
            },
            "time": "2018-03-09T22:43:19+00:00"
        },
        {
            "name": "ReadersDigest/News-Pro",
            "version": "3.2.2",
            "source": {
                "type": "git",
                "url": "git@github.com:ReadersDigest/news-pro.git",
                "reference": "93a1a0ec89f977a1265bfe4ac738e1d07bfddc71"
            },
            "dist": {
                "type": "zip",
                "url": "https://api.github.com/repos/ReadersDigest/news-pro/zipball/93a1a0ec89f977a1265bfe4ac738e1d07bfddc71",
                "reference": "93a1a0ec89f977a1265bfe4ac738e1d07bfddc71",
                "shasum": ""
            },
            "require": {
                "composer/installers": "v1.2.0",
                "php": ">=5.6"
            },
            "type": "wordpress-theme",
            "license": [
                "GPL-2"
            ],
            "description": "News Pro Theme.",
            "homepage": "https://my.studiopress.com/",
            "keywords": [
                "framework",
                "theme"
            ],
            "support": {
                "source": "https://github.com/ReadersDigest/news-pro/tree/3.2.2",
                "issues": "https://github.com/ReadersDigest/news-pro/issues"
            },
            "time": "2018-03-13T10:19:28+00:00"
        },
        {
            "name": "ReadersDigest/advanced-custom-fields-pro",
            "version": "5.5.2",
            "source": {
                "type": "git",
                "url": "git@github.com:ReadersDigest/advanced-custom-fields-pro.git",
                "reference": "7d0a1c3212f68276cf62d7519697752b9c8d0693"
            },
            "dist": {
                "type": "zip",
                "url": "https://api.github.com/repos/ReadersDigest/advanced-custom-fields-pro/zipball/7d0a1c3212f68276cf62d7519697752b9c8d0693",
                "reference": "7d0a1c3212f68276cf62d7519697752b9c8d0693",
                "shasum": ""
            },
            "require": {
                "composer/installers": "v1.2.0",
                "php": ">=5.5"
            },
            "type": "wordpress-plugin",
            "license": [
                "GPL-2"
            ],
            "description": "Advance Custom Fields Pro",
            "homepage": "https://www.advancedcustomfields.com/",
            "keywords": [
                "plugin"
            ],
            "support": {
                "source": "https://github.com/ReadersDigest/advanced-custom-fields-pro/tree/5.5.2",
                "issues": "https://github.com/ReadersDigest/advanced-custom-fields-pro/issues"
            },
            "time": "2016-12-09T15:45:44+00:00"
        },
        {
            "name": "ReadersDigest/genesis",
            "version": "2.5.3",
            "source": {
                "type": "git",
                "url": "git@github.com:ReadersDigest/genesis.git",
                "reference": "43f1244a90830ec08af21d47b7609e29ad438318"
            },
            "dist": {
                "type": "zip",
                "url": "https://api.github.com/repos/ReadersDigest/genesis/zipball/43f1244a90830ec08af21d47b7609e29ad438318",
                "reference": "43f1244a90830ec08af21d47b7609e29ad438318",
                "shasum": ""
            },
            "require": {
                "composer/installers": "v1.2.0",
                "php": ">=5.4"
            },
            "type": "wordpress-theme",
            "license": [
                "GPL-2"
            ],
            "description": "Genesis Theme framework.",
            "homepage": "https://my.studiopress.com/",
            "keywords": [
                "framework",
                "theme"
            ],
            "support": {
                "source": "https://github.com/ReadersDigest/genesis/tree/2.5.3",
                "issues": "https://github.com/ReadersDigest/genesis/issues"
            },
            "time": "2017-10-16T20:30:42+00:00"
        },
        {
            "name": "ReadersDigest/wp-migrate-db-pro",
            "version": "1.8.1",
            "source": {
                "type": "git",
                "url": "git@github.com:ReadersDigest/wp-migrate-db-pro.git",
                "reference": "3158df7e0cc376ed1171170ef899e82212afcfd2"
            },
            "dist": {
                "type": "zip",
                "url": "https://api.github.com/repos/ReadersDigest/wp-migrate-db-pro/zipball/3158df7e0cc376ed1171170ef899e82212afcfd2",
                "reference": "3158df7e0cc376ed1171170ef899e82212afcfd2",
                "shasum": ""
            },
            "require": {
                "composer/installers": "v1.2.0",
                "php": ">=5.5"
            },
            "type": "wordpress-plugin",
            "license": [
                "GPL-2"
            ],
            "description": "WP MigrateDB-Pro",
            "homepage": "https://deliciousbrains.com/",
            "keywords": [
                "plugin"
            ],
            "support": {
                "source": "https://github.com/ReadersDigest/wp-migrate-db-pro/tree/1.8.1",
                "issues": "https://github.com/ReadersDigest/wp-migrate-db-pro/issues"
            },
            "time": "2018-01-05T17:32:39+00:00"
        },
        {
            "name": "ReadersDigest/wp-migrate-db-pro-cli",
            "version": "1.3.2",
            "source": {
                "type": "git",
                "url": "git@github.com:ReadersDigest/wp-migrate-db-pro-cli.git",
                "reference": "51239dca14825d0005ca63fa85d6538cb0c55534"
            },
            "dist": {
                "type": "zip",
                "url": "https://api.github.com/repos/ReadersDigest/wp-migrate-db-pro-cli/zipball/51239dca14825d0005ca63fa85d6538cb0c55534",
                "reference": "51239dca14825d0005ca63fa85d6538cb0c55534",
                "shasum": ""
            },
            "require": {
                "composer/installers": "v1.2.0",
                "php": ">=5.5"
            },
            "type": "wordpress-plugin",
            "license": [
                "GPL-2"
            ],
            "description": "WP MigrateDB-Pro CLI",
            "homepage": "https://deliciousbrains.com/",
            "keywords": [
                "plugin"
            ],
            "support": {
                "source": "https://github.com/ReadersDigest/wp-migrate-db-pro-cli/tree/1.3.2",
                "issues": "https://github.com/ReadersDigest/wp-migrate-db-pro-cli/issues"
            },
            "time": "2018-01-05T17:25:39+00:00"
        },
        {
            "name": "ReadersDigest/wp-migrate-db-pro-media-files",
            "version": "1.4.9",
            "source": {
                "type": "git",
                "url": "git@github.com:ReadersDigest/wp-migrate-db-pro-media-files.git",
                "reference": "068c4bfd2f3349567a1842a8ca0924e1ca002498"
            },
            "dist": {
                "type": "zip",
                "url": "https://api.github.com/repos/ReadersDigest/wp-migrate-db-pro-media-files/zipball/068c4bfd2f3349567a1842a8ca0924e1ca002498",
                "reference": "068c4bfd2f3349567a1842a8ca0924e1ca002498",
                "shasum": ""
            },
            "require": {
                "composer/installers": "v1.2.0",
                "php": ">=5.5"
            },
            "type": "wordpress-plugin",
            "license": [
                "GPL-2"
            ],
            "description": "WP MigrateDB-Pro Media Files",
            "homepage": "https://deliciousbrains.com/",
            "keywords": [
                "plugin"
            ],
            "support": {
                "source": "https://github.com/ReadersDigest/wp-migrate-db-pro-media-files/tree/1.4.9",
                "issues": "https://github.com/ReadersDigest/wp-migrate-db-pro-media-files/issues"
            },
            "time": "2018-01-05T17:37:05+00:00"
        },
        {
            "name": "ReadersDigest/wp-migrate-db-pro-multisite-tools",
            "version": "1.2",
            "source": {
                "type": "git",
                "url": "https://github.com/ReadersDigest/wp-migrate-db-pro-multisite-tools.git",
                "reference": "93c32568115fe7e243f19647998ed4b030406ecb"
            },
            "dist": {
                "type": "zip",
                "url": "https://api.github.com/repos/ReadersDigest/wp-migrate-db-pro-multisite-tools/zipball/93c32568115fe7e243f19647998ed4b030406ecb",
                "reference": "93c32568115fe7e243f19647998ed4b030406ecb",
                "shasum": ""
            },
            "require": {
                "composer/installers": "v1.2.0",
                "php": ">=5.5"
            },
            "type": "wordpress-plugin",
            "license": [
                "GPL-2"
            ],
            "description": "WP MigrateDB-Pro Multisite Tools",
            "homepage": "https://deliciousbrains.com/",
            "keywords": [
                "plugin"
            ],
            "support": {
                "source": "https://github.com/ReadersDigest/wp-migrate-db-pro-multisite-tools/tree/1.2",
                "issues": "https://github.com/ReadersDigest/wp-migrate-db-pro-multisite-tools/issues"
            },
            "time": "2017-11-09T17:00:05+00:00"
        },
        {
            "name": "ReadersDigest/wp-ultimate-recipe-premium",
            "version": "3.6.1",
            "source": {
                "type": "git",
                "url": "git@github.com:ReadersDigest/wp-ultimate-recipe-premium.git",
                "reference": "59249405d3995d256bb6724d9dad1fff97977cc0"
            },
            "dist": {
                "type": "zip",
                "url": "https://api.github.com/repos/ReadersDigest/wp-ultimate-recipe-premium/zipball/59249405d3995d256bb6724d9dad1fff97977cc0",
                "reference": "59249405d3995d256bb6724d9dad1fff97977cc0",
                "shasum": ""
            },
            "require": {
                "composer/installers": "v1.2.0",
                "php": ">=5.5"
            },
            "type": "wordpress-plugin",
            "license": [
                "GPL-2"
            ],
            "description": "WP Ultimate Recipe Premium",
            "homepage": "http://www.wpultimaterecipe.com/",
            "keywords": [
                "plugin"
            ],
            "support": {
                "source": "https://github.com/ReadersDigest/wp-ultimate-recipe-premium/tree/3.6.1",
                "issues": "https://github.com/ReadersDigest/wp-ultimate-recipe-premium/issues"
            },
            "time": "2017-12-11T19:07:03+00:00"
        },
        {
            "name": "composer/installers",
            "version": "v1.2.0",
            "source": {
                "type": "git",
                "url": "https://github.com/composer/installers.git",
                "reference": "d78064c68299743e0161004f2de3a0204e33b804"
            },
            "dist": {
                "type": "zip",
                "url": "https://api.github.com/repos/composer/installers/zipball/d78064c68299743e0161004f2de3a0204e33b804",
                "reference": "d78064c68299743e0161004f2de3a0204e33b804",
                "shasum": ""
            },
            "require": {
                "composer-plugin-api": "^1.0"
            },
            "replace": {
                "roundcube/plugin-installer": "*",
                "shama/baton": "*"
            },
            "require-dev": {
                "composer/composer": "1.0.*@dev",
                "phpunit/phpunit": "4.1.*"
            },
            "type": "composer-plugin",
            "extra": {
                "class": "Composer\\Installers\\Plugin",
                "branch-alias": {
                    "dev-master": "1.0-dev"
                }
            },
            "autoload": {
                "psr-4": {
                    "Composer\\Installers\\": "src/Composer/Installers"
                }
            },
            "notification-url": "https://packagist.org/downloads/",
            "license": [
                "MIT"
            ],
            "authors": [
                {
                    "name": "Kyle Robinson Young",
                    "email": "kyle@dontkry.com",
                    "homepage": "https://github.com/shama"
                }
            ],
            "description": "A multi-framework Composer library installer",
            "homepage": "https://composer.github.io/installers/",
            "keywords": [
                "Craft",
                "Dolibarr",
                "Hurad",
                "ImageCMS",
                "MODX Evo",
                "Mautic",
                "OXID",
                "Plentymarkets",
                "RadPHP",
                "SMF",
                "Thelia",
                "WolfCMS",
                "agl",
                "aimeos",
                "annotatecms",
                "attogram",
                "bitrix",
                "cakephp",
                "chef",
                "cockpit",
                "codeigniter",
                "concrete5",
                "croogo",
                "dokuwiki",
                "drupal",
                "elgg",
                "expressionengine",
                "fuelphp",
                "grav",
                "installer",
                "joomla",
                "kohana",
                "laravel",
                "lithium",
                "magento",
                "mako",
                "mediawiki",
                "modulework",
                "moodle",
                "phpbb",
                "piwik",
                "ppi",
                "puppet",
                "reindex",
                "roundcube",
                "shopware",
                "silverstripe",
                "symfony",
                "typo3",
                "wordpress",
                "yawik",
                "zend",
                "zikula"
            ],
            "time": "2016-08-13T20:53:52+00:00"
        },
        {
            "name": "johnpbloch/wordpress",
            "version": "4.9.4",
            "source": {
                "type": "git",
                "url": "https://github.com/johnpbloch/wordpress.git",
                "reference": "5394373d26a8e304eb293c2a9359701a7ab03131"
            },
            "dist": {
                "type": "zip",
                "url": "https://api.github.com/repos/johnpbloch/wordpress/zipball/5394373d26a8e304eb293c2a9359701a7ab03131",
                "reference": "5394373d26a8e304eb293c2a9359701a7ab03131",
                "shasum": ""
            },
            "require": {
                "johnpbloch/wordpress-core": "4.9.4",
                "johnpbloch/wordpress-core-installer": "^1.0",
                "php": ">=5.3.2"
            },
            "type": "package",
            "notification-url": "https://packagist.org/downloads/",
            "license": [
                "GPL-2.0+"
            ],
            "authors": [
                {
                    "name": "WordPress Community",
                    "homepage": "http://wordpress.org/about/"
                }
            ],
            "description": "WordPress is web software you can use to create a beautiful website or blog.",
            "homepage": "http://wordpress.org/",
            "keywords": [
                "blog",
                "cms",
                "wordpress"
            ],
            "time": "2018-02-06T16:42:18+00:00"
        },
        {
            "name": "johnpbloch/wordpress-core",
            "version": "4.9.4",
            "source": {
                "type": "git",
                "url": "https://github.com/johnpbloch/wordpress-core.git",
                "reference": "eef672cdb4ae9e846c464d4d03684b43d4108eda"
            },
            "dist": {
                "type": "zip",
                "url": "https://api.github.com/repos/johnpbloch/wordpress-core/zipball/eef672cdb4ae9e846c464d4d03684b43d4108eda",
                "reference": "eef672cdb4ae9e846c464d4d03684b43d4108eda",
                "shasum": ""
            },
            "require": {
                "php": ">=5.3.2"
            },
            "provide": {
                "wordpress/core-implementation": "4.9.4"
            },
            "type": "wordpress-core",
            "notification-url": "https://packagist.org/downloads/",
            "license": [
                "GPL-2.0-or-later"
            ],
            "authors": [
                {
                    "name": "WordPress Community",
                    "homepage": "http://wordpress.org/about/"
                }
            ],
            "description": "WordPress is web software you can use to create a beautiful website or blog.",
            "homepage": "http://wordpress.org/",
            "keywords": [
                "blog",
                "cms",
                "wordpress"
            ],
            "time": "2018-02-06T16:42:13+00:00"
        },
        {
            "name": "johnpbloch/wordpress-core-installer",
            "version": "1.0.0.2",
            "source": {
                "type": "git",
                "url": "https://github.com/johnpbloch/wordpress-core-installer.git",
                "reference": "7941acd71725710a789daabe0557429da63e7ac6"
            },
            "dist": {
                "type": "zip",
                "url": "https://api.github.com/repos/johnpbloch/wordpress-core-installer/zipball/7941acd71725710a789daabe0557429da63e7ac6",
                "reference": "7941acd71725710a789daabe0557429da63e7ac6",
                "shasum": ""
            },
            "require": {
                "composer-plugin-api": "^1.0"
            },
            "conflict": {
                "composer/installers": "<1.0.6"
            },
            "require-dev": {
                "composer/composer": "^1.0",
                "phpunit/phpunit": ">=4.8.35"
            },
            "type": "composer-plugin",
            "extra": {
                "class": "johnpbloch\\Composer\\WordPressCorePlugin"
            },
            "autoload": {
                "psr-0": {
                    "johnpbloch\\Composer\\": "src/"
                }
            },
            "notification-url": "https://packagist.org/downloads/",
            "license": [
                "GPL-2.0+"
            ],
            "authors": [
                {
                    "name": "John P. Bloch",
                    "email": "me@johnpbloch.com"
                }
            ],
            "description": "A custom installer to handle deploying WordPress with composer",
            "keywords": [
                "wordpress"
            ],
            "time": "2018-01-29T14:49:29+00:00"
        },
        {
            "name": "mikelking/bacon",
            "version": "1.0.10",
            "source": {
                "type": "git",
                "url": "https://github.com/mikelking/bacon.git",
                "reference": "98a78b2b45808fa37b62e39366ccf917a26bc8ed"
            },
            "dist": {
                "type": "zip",
                "url": "https://api.github.com/repos/mikelking/bacon/zipball/98a78b2b45808fa37b62e39366ccf917a26bc8ed",
                "reference": "98a78b2b45808fa37b62e39366ccf917a26bc8ed",
                "shasum": ""
            },
            "require": {
                "composer/installers": "v1.2.0",
                "php": ">=5.5"
            },
            "type": "wordpress-muplugin",
            "license": [
                "BSD-3-Clause"
            ],
            "authors": [
                {
                    "name": "Olivent, llc.",
                    "email": "info@olivent.com",
                    "homepage": "https://github.com/mikelking/dummy"
                },
                {
                    "name": "Mikel King",
                    "email": "mikel.king@olivent.com",
                    "homepage": "https://github.com/mikelking"
                }
            ],
            "description": "WordPress mu plugin framework.",
            "homepage": "http://jafdip.com/",
            "keywords": [
                "framework",
                "mu-plugin"
            ],
            "support": {
                "source": "https://github.com/mikelking/bacon/tree/1.0.10",
                "issues": "https://github.com/mikelking/bacon/issues"
            },
            "time": "2018-02-02T21:57:36+00:00"
        },
        {
            "name": "mikelking/wordpress-config-installer",
            "version": "0.2.4",
            "source": {
                "type": "git",
                "url": "https://github.com/mikelking/wordpress-config-installer.git",
                "reference": "0fe38ed2a08ba8739c7823acb1de9026746e26d4"
            },
            "dist": {
                "type": "zip",
                "url": "https://api.github.com/repos/mikelking/wordpress-config-installer/zipball/0fe38ed2a08ba8739c7823acb1de9026746e26d4",
                "reference": "0fe38ed2a08ba8739c7823acb1de9026746e26d4",
                "shasum": ""
            },
            "require": {
                "composer-plugin-api": "^1.0"
            },
            "conflict": {
                "composer/installers": "<1.0.6"
            },
            "require-dev": {
                "composer/composer": "1.0.*@dev"
            },
            "type": "composer-plugin",
            "extra": {
                "class": "mikelking\\Composer\\WordPressConfigPlugin"
            },
            "autoload": {
                "psr-0": {
                    "mikelking\\Composer\\": "src/"
                }
            },
            "license": [
                "GPL-2.0+"
            ],
            "authors": [
                {
                    "name": "Mikel King",
                    "email": "mikel.king@olivent.com"
                }
            ],
            "description": "A custom installer to handle deploying WordPress config with composer",
            "keywords": [
                "wordpress"
            ],
            "support": {
                "source": "https://github.com/mikelking/wordpress-config-installer/tree/0.2.4"
            },
            "time": "2017-12-01T22:16:04+00:00"
        },
        {
            "name": "mikelking/wpcfg",
            "version": "0.1.0",
            "source": {
                "type": "git",
                "url": "https://github.com/mikelking/wpcfg.git",
                "reference": "6be35d647faffd8e22ab85b8324cd96597f978c4"
            },
            "dist": {
                "type": "zip",
                "url": "https://api.github.com/repos/mikelking/wpcfg/zipball/6be35d647faffd8e22ab85b8324cd96597f978c4",
                "reference": "6be35d647faffd8e22ab85b8324cd96597f978c4",
                "shasum": ""
            },
            "require": {
                "mikelking/wordpress-config-installer": "~0.2.0",
                "php": ">=5.5"
            },
            "type": "wordpress-config",
            "license": [
                "BSD-3"
            ],
            "authors": [
                {
                    "name": "Olivent, llc.",
                    "email": "info@olivent.com",
                    "homepage": "https://github.com/mikelking/dummy"
                },
                {
                    "name": "Mikel King",
                    "email": "mikel.king@olivent.com",
                    "homepage": "https://github.com/mikelking"
                }
            ],
            "description": "WordPress configuration framework.",
            "homepage": "http://jafdip.com/",
            "keywords": [
                "framework",
                "wordpress-config"
            ],
            "support": {
                "source": "https://github.com/mikelking/wpcfg/tree/0.1.0",
                "issues": "https://github.com/mikelking/wpcfg/issues"
            },
            "time": "2017-12-02T18:40:33+00:00"
        },
        {
            "name": "wpackagist-plugin/ajax-heartbeat-tool",
            "version": "1.4",
            "source": {
                "type": "svn",
                "url": "https://plugins.svn.wordpress.org/ajax-heartbeat-tool/",
                "reference": "trunk"
            },
            "dist": {
                "type": "zip",
                "url": "https://downloads.wordpress.org/plugin/ajax-heartbeat-tool.zip?timestamp=1469726157",
                "reference": "trunk",
                "shasum": null
            },
            "require": {
                "composer/installers": "~1.0"
            },
            "type": "wordpress-plugin",
            "homepage": "https://wordpress.org/plugins/ajax-heartbeat-tool/"
        },
        {
            "name": "wpackagist-plugin/akismet",
            "version": "dev-trunk",
            "source": {
                "type": "svn",
                "url": "https://plugins.svn.wordpress.org/akismet/",
                "reference": "trunk"
            },
            "dist": {
                "type": "zip",
                "url": "https://downloads.wordpress.org/plugin/akismet.zip?timestamp=1509999857",
                "reference": "trunk",
                "shasum": null
            },
            "require": {
                "composer/installers": "~1.0"
            },
            "type": "wordpress-plugin",
            "homepage": "https://wordpress.org/plugins/akismet/",
            "time": "2017-11-06T20:24:17+00:00"
        },
        {
            "name": "wpackagist-plugin/co-authors-plus",
            "version": "3.2.2",
            "source": {
                "type": "svn",
                "url": "https://plugins.svn.wordpress.org/co-authors-plus/",
                "reference": "tags/3.2.2"
            },
            "dist": {
                "type": "zip",
                "url": "https://downloads.wordpress.org/plugin/co-authors-plus.3.2.2.zip",
                "reference": "tags/3.2.2",
                "shasum": null
            },
            "require": {
                "composer/installers": "~1.0"
            },
            "type": "wordpress-plugin",
            "homepage": "https://wordpress.org/plugins/co-authors-plus/"
        },
        {
            "name": "wpackagist-plugin/crayon-syntax-highlighter",
            "version": "2.8.4",
            "source": {
                "type": "svn",
                "url": "https://plugins.svn.wordpress.org/crayon-syntax-highlighter/",
                "reference": "trunk"
            },
            "dist": {
                "type": "zip",
                "url": "https://downloads.wordpress.org/plugin/crayon-syntax-highlighter.zip?timestamp=1462880237",
                "reference": "trunk",
                "shasum": null
            },
            "require": {
                "composer/installers": "~1.0"
            },
            "type": "wordpress-plugin",
            "homepage": "https://wordpress.org/plugins/crayon-syntax-highlighter/"
        },
        {
            "name": "wpackagist-plugin/duo-wordpress",
            "version": "2.5.4",
            "source": {
                "type": "svn",
                "url": "https://plugins.svn.wordpress.org/duo-wordpress/",
                "reference": "trunk"
            },
            "dist": {
                "type": "zip",
                "url": "https://downloads.wordpress.org/plugin/duo-wordpress.zip?timestamp=1497375497",
                "reference": "trunk",
                "shasum": null
            },
            "require": {
                "composer/installers": "~1.0"
            },
            "type": "wordpress-plugin",
            "homepage": "https://wordpress.org/plugins/duo-wordpress/"
        },
        {
            "name": "wpackagist-plugin/lazy-load",
            "version": "0.6.1",
            "source": {
                "type": "svn",
                "url": "https://plugins.svn.wordpress.org/lazy-load/",
                "reference": "tags/0.6.1"
            },
            "dist": {
                "type": "zip",
                "url": "https://downloads.wordpress.org/plugin/lazy-load.0.6.1.zip",
                "reference": "tags/0.6.1",
                "shasum": null
            },
            "require": {
                "composer/installers": "~1.0"
            },
            "type": "wordpress-plugin",
            "homepage": "https://wordpress.org/plugins/lazy-load/"
        },
        {
            "name": "wpackagist-plugin/members",
            "version": "1.1.3",
            "source": {
                "type": "svn",
                "url": "https://plugins.svn.wordpress.org/members/",
                "reference": "tags/1.1.3"
            },
            "dist": {
                "type": "zip",
                "url": "https://downloads.wordpress.org/plugin/members.1.1.3.zip",
                "reference": "tags/1.1.3",
                "shasum": null
            },
            "require": {
                "composer/installers": "~1.0"
            },
            "type": "wordpress-plugin",
            "homepage": "https://wordpress.org/plugins/members/"
        },
        {
            "name": "wpackagist-plugin/newsletter",
            "version": "5.1.9",
            "source": {
                "type": "svn",
                "url": "https://plugins.svn.wordpress.org/newsletter/",
                "reference": "tags/5.1.9"
            },
            "dist": {
                "type": "zip",
                "url": "https://downloads.wordpress.org/plugin/newsletter.5.1.9.zip",
                "reference": "tags/5.1.9",
                "shasum": null
            },
            "require": {
                "composer/installers": "~1.0"
            },
            "type": "wordpress-plugin",
            "homepage": "https://wordpress.org/plugins/newsletter/"
        },
        {
            "name": "wpackagist-plugin/simple-iframe-buster",
            "version": "1.1",
            "source": {
                "type": "svn",
                "url": "https://plugins.svn.wordpress.org/simple-iframe-buster/",
                "reference": "trunk"
            },
            "dist": {
                "type": "zip",
                "url": "https://downloads.wordpress.org/plugin/simple-iframe-buster.zip?timestamp=1469726044",
                "reference": "trunk",
                "shasum": null
            },
            "require": {
                "composer/installers": "~1.0"
            },
            "type": "wordpress-plugin",
            "homepage": "https://wordpress.org/plugins/simple-iframe-buster/"
        },
        {
            "name": "wpackagist-plugin/tinymce-advanced",
            "version": "4.6.7",
            "source": {
                "type": "svn",
                "url": "https://plugins.svn.wordpress.org/tinymce-advanced/",
                "reference": "tags/4.6.7"
            },
            "dist": {
                "type": "zip",
                "url": "https://downloads.wordpress.org/plugin/tinymce-advanced.4.6.7.zip",
                "reference": "tags/4.6.7",
                "shasum": null
            },
            "require": {
                "composer/installers": "~1.0"
            },
            "type": "wordpress-plugin",
            "homepage": "https://wordpress.org/plugins/tinymce-advanced/"
        },
        {
            "name": "wpackagist-plugin/wordpress-seo",
            "version": "7.0.3",
            "source": {
                "type": "svn",
                "url": "https://plugins.svn.wordpress.org/wordpress-seo/",
                "reference": "tags/7.0.3"
            },
            "dist": {
                "type": "zip",
                "url": "https://downloads.wordpress.org/plugin/wordpress-seo.7.0.3.zip",
                "reference": null,
                "shasum": null
            },
            "require": {
                "composer/installers": "~1.0"
            },
            "type": "wordpress-plugin",
            "homepage": "https://wordpress.org/plugins/wordpress-seo/"
        },
        {
            "name": "wpackagist-plugin/wp-bitly",
            "version": "1.0.1",
            "source": {
                "type": "svn",
                "url": "https://plugins.svn.wordpress.org/wp-bitly/",
                "reference": "tags/1.0.1"
            },
            "dist": {
                "type": "zip",
                "url": "https://downloads.wordpress.org/plugin/wp-bitly.1.0.1.zip",
                "reference": "tags/1.0.1",
                "shasum": null
            },
            "require": {
                "composer/installers": "~1.0"
            },
            "type": "wordpress-plugin",
            "homepage": "https://wordpress.org/plugins/wp-bitly/"
        },
        {
            "name": "wpackagist-theme/twentyseventeen",
            "version": "1.4",
            "source": {
                "type": "svn",
                "url": "https://themes.svn.wordpress.org/twentyseventeen/",
                "reference": "1.4"
            },
            "dist": {
                "type": "zip",
                "url": "https://downloads.wordpress.org/theme/twentyseventeen.1.4.zip",
                "reference": "1.4",
                "shasum": null
            },
            "require": {
                "composer/installers": "~1.0"
            },
            "type": "wordpress-theme",
            "homepage": "https://wordpress.org/themes/twentyseventeen/"
        }
    ],
    "packages-dev": [],
    "aliases": [],
    "minimum-stability": "stable",
    "stability-flags": {
        "wpackagist-plugin/akismet": 20
    },
    "prefer-stable": false,
    "prefer-lowest": false,
    "platform": {
        "php": ">=5.5"
    },
    "platform-dev": []
}
