{
    "_readme": [
        "This file locks the dependencies of your project to a known state",
        "Read more about it at https://getcomposer.org/doc/01-basic-usage.md#composer-lock-the-lock-file",
        "This file is @generated automatically"
    ],
    "content-hash": "d18cdecdaa7434bc48155b8a1f3afa8f",
    "packages": [
        {
            "name": "composer/installers",
            "version": "v1.2.0",
            "source": {
                "type": "git",
                "url": "https://github.com/composer/installers.git",
                "reference": "d78064c68299743e0161004f2de3a0204e33b804"
            },
            "dist": {
                "type": "zip",
                "url": "https://api.github.com/repos/composer/installers/zipball/d78064c68299743e0161004f2de3a0204e33b804",
                "reference": "d78064c68299743e0161004f2de3a0204e33b804",
                "shasum": ""
            },
            "require": {
                "composer-plugin-api": "^1.0"
            },
            "replace": {
                "roundcube/plugin-installer": "*",
                "shama/baton": "*"
            },
            "require-dev": {
                "composer/composer": "1.0.*@dev",
                "phpunit/phpunit": "4.1.*"
            },
            "type": "composer-plugin",
            "extra": {
                "class": "Composer\\Installers\\Plugin",
                "branch-alias": {
                    "dev-master": "1.0-dev"
                }
            },
            "autoload": {
                "psr-4": {
                    "Composer\\Installers\\": "src/Composer/Installers"
                }
            },
            "notification-url": "https://packagist.org/downloads/",
            "license": [
                "MIT"
            ],
            "authors": [
                {
                    "name": "Kyle Robinson Young",
                    "email": "kyle@dontkry.com",
                    "homepage": "https://github.com/shama"
                }
            ],
            "description": "A multi-framework Composer library installer",
            "homepage": "https://composer.github.io/installers/",
            "keywords": [
                "Craft",
                "Dolibarr",
                "Hurad",
                "ImageCMS",
                "MODX Evo",
                "Mautic",
                "OXID",
                "Plentymarkets",
                "RadPHP",
                "SMF",
                "Thelia",
                "WolfCMS",
                "agl",
                "aimeos",
                "annotatecms",
                "attogram",
                "bitrix",
                "cakephp",
                "chef",
                "cockpit",
                "codeigniter",
                "concrete5",
                "croogo",
                "dokuwiki",
                "drupal",
                "elgg",
                "expressionengine",
                "fuelphp",
                "grav",
                "installer",
                "joomla",
                "kohana",
                "laravel",
                "lithium",
                "magento",
                "mako",
                "mediawiki",
                "modulework",
                "moodle",
                "phpbb",
                "piwik",
                "ppi",
                "puppet",
                "reindex",
                "roundcube",
                "shopware",
                "silverstripe",
                "symfony",
                "typo3",
                "wordpress",
                "yawik",
                "zend",
                "zikula"
            ],
            "time": "2016-08-13T20:53:52+00:00"
        },
        {
            "name": "johnpbloch/wordpress",
            "version": "4.9.7",
            "source": {
                "type": "git",
                "url": "https://github.com/johnpbloch/wordpress.git",
                "reference": "6697a15cdfd60cfdf9f4bf04a4e7637a8d2a5afa"
            },
            "dist": {
                "type": "zip",
                "url": "https://api.github.com/repos/johnpbloch/wordpress/zipball/6697a15cdfd60cfdf9f4bf04a4e7637a8d2a5afa",
                "reference": "6697a15cdfd60cfdf9f4bf04a4e7637a8d2a5afa",
                "shasum": ""
            },
            "require": {
                "johnpbloch/wordpress-core": "4.9.7",
                "johnpbloch/wordpress-core-installer": "^1.0",
                "php": ">=5.3.2"
            },
            "type": "package",
            "notification-url": "https://packagist.org/downloads/",
            "license": [
                "GPL-2.0+"
            ],
            "authors": [
                {
                    "name": "WordPress Community",
                    "homepage": "http://wordpress.org/about/"
                }
            ],
            "description": "WordPress is web software you can use to create a beautiful website or blog.",
            "homepage": "http://wordpress.org/",
            "keywords": [
                "blog",
                "cms",
                "wordpress"
            ],
            "time": "2018-07-05T18:12:19+00:00"
        },
        {
            "name": "johnpbloch/wordpress-core",
            "version": "4.9.7",
            "source": {
                "type": "git",
                "url": "https://github.com/johnpbloch/wordpress-core.git",
                "reference": "1116e10f71f8fb811856df212af652c427bc6bd1"
            },
            "dist": {
                "type": "zip",
                "url": "https://api.github.com/repos/johnpbloch/wordpress-core/zipball/1116e10f71f8fb811856df212af652c427bc6bd1",
                "reference": "1116e10f71f8fb811856df212af652c427bc6bd1",
                "shasum": ""
            },
            "require": {
                "php": ">=5.3.2"
            },
            "provide": {
                "wordpress/core-implementation": "4.9.7"
            },
            "type": "wordpress-core",
            "notification-url": "https://packagist.org/downloads/",
            "license": [
                "GPL-2.0-or-later"
            ],
            "authors": [
                {
                    "name": "WordPress Community",
                    "homepage": "http://wordpress.org/about/"
                }
            ],
            "description": "WordPress is web software you can use to create a beautiful website or blog.",
            "homepage": "http://wordpress.org/",
            "keywords": [
                "blog",
                "cms",
                "wordpress"
            ],
            "time": "2018-07-05T18:12:13+00:00"
        },
        {
            "name": "johnpbloch/wordpress-core-installer",
            "version": "1.0.0.2",
            "source": {
                "type": "git",
                "url": "https://github.com/johnpbloch/wordpress-core-installer.git",
                "reference": "7941acd71725710a789daabe0557429da63e7ac6"
            },
            "dist": {
                "type": "zip",
                "url": "https://api.github.com/repos/johnpbloch/wordpress-core-installer/zipball/7941acd71725710a789daabe0557429da63e7ac6",
                "reference": "7941acd71725710a789daabe0557429da63e7ac6",
                "shasum": ""
            },
            "require": {
                "composer-plugin-api": "^1.0"
            },
            "conflict": {
                "composer/installers": "<1.0.6"
            },
            "require-dev": {
                "composer/composer": "^1.0",
                "phpunit/phpunit": ">=4.8.35"
            },
            "type": "composer-plugin",
            "extra": {
                "class": "johnpbloch\\Composer\\WordPressCorePlugin"
            },
            "autoload": {
                "psr-0": {
                    "johnpbloch\\Composer\\": "src/"
                }
            },
            "notification-url": "https://packagist.org/downloads/",
            "license": [
                "GPL-2.0+"
            ],
            "authors": [
                {
                    "name": "John P. Bloch",
                    "email": "me@johnpbloch.com"
                }
            ],
            "description": "A custom installer to handle deploying WordPress with composer",
            "keywords": [
                "wordpress"
            ],
            "time": "2018-01-29T14:49:29+00:00"
        },
        {
            "name": "mikelking/bacon",
            "version": "1.0.10",
            "source": {
                "type": "git",
                "url": "https://github.com/mikelking/bacon.git",
                "reference": "98a78b2b45808fa37b62e39366ccf917a26bc8ed"
            },
            "dist": {
                "type": "zip",
                "url": "https://api.github.com/repos/mikelking/bacon/zipball/98a78b2b45808fa37b62e39366ccf917a26bc8ed",
                "reference": "98a78b2b45808fa37b62e39366ccf917a26bc8ed",
                "shasum": ""
            },
            "require": {
                "composer/installers": "v1.2.0",
                "php": ">=5.5"
            },
            "type": "wordpress-muplugin",
            "license": [
                "BSD-3-Clause"
            ],
            "authors": [
                {
                    "name": "Olivent, llc.",
                    "email": "info@olivent.com",
                    "homepage": "https://github.com/mikelking/dummy"
                },
                {
                    "name": "Mikel King",
                    "email": "mikel.king@olivent.com",
                    "homepage": "https://github.com/mikelking"
                }
            ],
            "description": "WordPress mu plugin framework.",
            "homepage": "http://jafdip.com/",
            "keywords": [
                "framework",
                "mu-plugin"
            ],
            "support": {
                "source": "https://github.com/mikelking/bacon/tree/1.0.10",
                "issues": "https://github.com/mikelking/bacon/issues"
            },
            "time": "2018-02-02T21:57:36+00:00"
        },
        {
            "name": "mikelking/wordpress-config-installer",
            "version": "0.2.4",
            "source": {
                "type": "git",
                "url": "https://github.com/mikelking/wordpress-config-installer.git",
                "reference": "0fe38ed2a08ba8739c7823acb1de9026746e26d4"
            },
            "dist": {
                "type": "zip",
                "url": "https://api.github.com/repos/mikelking/wordpress-config-installer/zipball/0fe38ed2a08ba8739c7823acb1de9026746e26d4",
                "reference": "0fe38ed2a08ba8739c7823acb1de9026746e26d4",
                "shasum": ""
            },
            "require": {
                "composer-plugin-api": "^1.0"
            },
            "conflict": {
                "composer/installers": "<1.0.6"
            },
            "require-dev": {
                "composer/composer": "1.0.*@dev"
            },
            "type": "composer-plugin",
            "extra": {
                "class": "mikelking\\Composer\\WordPressConfigPlugin"
            },
            "autoload": {
                "psr-0": {
                    "mikelking\\Composer\\": "src/"
                }
            },
            "license": [
                "GPL-2.0+"
            ],
            "authors": [
                {
                    "name": "Mikel King",
                    "email": "mikel.king@olivent.com"
                }
            ],
            "description": "A custom installer to handle deploying WordPress config with composer",
            "keywords": [
                "wordpress"
            ],
            "support": {
                "source": "https://github.com/mikelking/wordpress-config-installer/tree/0.2.4"
            },
            "time": "2017-12-01T22:16:04+00:00"
        },
        {
            "name": "mikelking/wpcfg",
            "version": "0.1.0",
            "source": {
                "type": "git",
                "url": "https://github.com/mikelking/wpcfg.git",
                "reference": "6be35d647faffd8e22ab85b8324cd96597f978c4"
            },
            "dist": {
                "type": "zip",
                "url": "https://api.github.com/repos/mikelking/wpcfg/zipball/6be35d647faffd8e22ab85b8324cd96597f978c4",
                "reference": "6be35d647faffd8e22ab85b8324cd96597f978c4",
                "shasum": ""
            },
            "require": {
                "mikelking/wordpress-config-installer": "~0.2.0",
                "php": ">=5.5"
            },
            "type": "wordpress-config",
            "license": [
                "BSD-3"
            ],
            "authors": [
                {
                    "name": "Olivent, llc.",
                    "email": "info@olivent.com",
                    "homepage": "https://github.com/mikelking/dummy"
                },
                {
                    "name": "Mikel King",
                    "email": "mikel.king@olivent.com",
                    "homepage": "https://github.com/mikelking"
                }
            ],
            "description": "WordPress configuration framework.",
            "homepage": "http://jafdip.com/",
            "keywords": [
                "framework",
                "wordpress-config"
            ],
            "support": {
                "source": "https://github.com/mikelking/wpcfg/tree/0.1.0",
                "issues": "https://github.com/mikelking/wpcfg/issues"
            },
            "time": "2017-12-02T18:40:33+00:00"
        },
        {
            "name": "wpackagist-plugin/ajax-heartbeat-tool",
            "version": "1.4",
            "source": {
                "type": "svn",
                "url": "https://plugins.svn.wordpress.org/ajax-heartbeat-tool/",
                "reference": "trunk"
            },
            "dist": {
                "type": "zip",
                "url": "https://downloads.wordpress.org/plugin/ajax-heartbeat-tool.zip?timestamp=1469726157",
                "reference": "trunk",
                "shasum": null
            },
            "require": {
                "composer/installers": "~1.0"
            },
            "type": "wordpress-plugin",
            "homepage": "https://wordpress.org/plugins/ajax-heartbeat-tool/"
        },
        {
            "name": "wpackagist-plugin/akismet",
            "version": "dev-trunk",
            "source": {
                "type": "svn",
                "url": "https://plugins.svn.wordpress.org/akismet/",
                "reference": "trunk"
            },
            "dist": {
                "type": "zip",
                "url": "https://downloads.wordpress.org/plugin/akismet.zip?timestamp=1509999857",
                "reference": "trunk",
                "shasum": null
            },
            "require": {
                "composer/installers": "~1.0"
            },
            "type": "wordpress-plugin",
            "homepage": "https://wordpress.org/plugins/akismet/",
            "time": "2017-11-06T20:24:17+00:00"
        },
        {
            "name": "wpackagist-plugin/co-authors-plus",
            "version": "3.2.2",
            "source": {
                "type": "svn",
                "url": "https://plugins.svn.wordpress.org/co-authors-plus/",
                "reference": "tags/3.2.2"
            },
            "dist": {
                "type": "zip",
                "url": "https://downloads.wordpress.org/plugin/co-authors-plus.3.2.2.zip",
                "reference": "tags/3.2.2",
                "shasum": null
            },
            "require": {
                "composer/installers": "~1.0"
            },
            "type": "wordpress-plugin",
            "homepage": "https://wordpress.org/plugins/co-authors-plus/"
        },
        {
            "name": "wpackagist-plugin/crayon-syntax-highlighter",
            "version": "2.8.4",
            "source": {
                "type": "svn",
                "url": "https://plugins.svn.wordpress.org/crayon-syntax-highlighter/",
                "reference": "trunk"
            },
            "dist": {
                "type": "zip",
                "url": "https://downloads.wordpress.org/plugin/crayon-syntax-highlighter.zip?timestamp=1462880237",
                "reference": "trunk",
                "shasum": null
            },
            "require": {
                "composer/installers": "~1.0"
            },
            "type": "wordpress-plugin",
            "homepage": "https://wordpress.org/plugins/crayon-syntax-highlighter/"
        },
        {
            "name": "wpackagist-plugin/duo-wordpress",
            "version": "2.5.4",
            "source": {
                "type": "svn",
                "url": "https://plugins.svn.wordpress.org/duo-wordpress/",
                "reference": "trunk"
            },
            "dist": {
                "type": "zip",
                "url": "https://downloads.wordpress.org/plugin/duo-wordpress.zip?timestamp=1497375497",
                "reference": "trunk",
                "shasum": null
            },
            "require": {
                "composer/installers": "~1.0"
            },
            "type": "wordpress-plugin",
            "homepage": "https://wordpress.org/plugins/duo-wordpress/"
        },
        {
            "name": "wpackagist-plugin/jetpack",
            "version": "5.9",
            "source": {
                "type": "svn",
                "url": "https://plugins.svn.wordpress.org/jetpack/",
                "reference": "tags/5.9"
            },
            "dist": {
                "type": "zip",
                "url": "https://downloads.wordpress.org/plugin/jetpack.5.9.zip",
                "reference": null,
                "shasum": null
            },
            "require": {
                "composer/installers": "~1.0"
            },
            "type": "wordpress-plugin",
            "homepage": "https://wordpress.org/plugins/jetpack/"
        },
        {
            "name": "wpackagist-plugin/lazy-load",
            "version": "0.6.1",
            "source": {
                "type": "svn",
                "url": "https://plugins.svn.wordpress.org/lazy-load/",
                "reference": "tags/0.6.1"
            },
            "dist": {
                "type": "zip",
                "url": "https://downloads.wordpress.org/plugin/lazy-load.0.6.1.zip",
                "reference": "tags/0.6.1",
                "shasum": null
            },
            "require": {
                "composer/installers": "~1.0"
            },
            "type": "wordpress-plugin",
            "homepage": "https://wordpress.org/plugins/lazy-load/"
        },
        {
            "name": "wpackagist-plugin/members",
            "version": "1.1.3",
            "source": {
                "type": "svn",
                "url": "https://plugins.svn.wordpress.org/members/",
                "reference": "tags/1.1.3"
            },
            "dist": {
                "type": "zip",
                "url": "https://downloads.wordpress.org/plugin/members.1.1.3.zip",
                "reference": "tags/1.1.3",
                "shasum": null
            },
            "require": {
                "composer/installers": "~1.0"
            },
            "type": "wordpress-plugin",
            "homepage": "https://wordpress.org/plugins/members/"
        },
        {
            "name": "wpackagist-plugin/newsletter",
            "version": "5.1.9",
            "source": {
                "type": "svn",
                "url": "https://plugins.svn.wordpress.org/newsletter/",
                "reference": "tags/5.1.9"
            },
            "dist": {
                "type": "zip",
                "url": "https://downloads.wordpress.org/plugin/newsletter.5.1.9.zip",
                "reference": "tags/5.1.9",
                "shasum": null
            },
            "require": {
                "composer/installers": "~1.0"
            },
            "type": "wordpress-plugin",
            "homepage": "https://wordpress.org/plugins/newsletter/"
        },
        {
            "name": "wpackagist-plugin/simple-iframe-buster",
            "version": "1.1",
            "source": {
                "type": "svn",
                "url": "https://plugins.svn.wordpress.org/simple-iframe-buster/",
                "reference": "trunk"
            },
            "dist": {
                "type": "zip",
                "url": "https://downloads.wordpress.org/plugin/simple-iframe-buster.zip?timestamp=1469726044",
                "reference": "trunk",
                "shasum": null
            },
            "require": {
                "composer/installers": "~1.0"
            },
            "type": "wordpress-plugin",
            "homepage": "https://wordpress.org/plugins/simple-iframe-buster/"
        },
        {
            "name": "wpackagist-plugin/tinymce-advanced",
            "version": "4.6.7",
            "source": {
                "type": "svn",
                "url": "https://plugins.svn.wordpress.org/tinymce-advanced/",
                "reference": "tags/4.6.7"
            },
            "dist": {
                "type": "zip",
                "url": "https://downloads.wordpress.org/plugin/tinymce-advanced.4.6.7.zip",
                "reference": "tags/4.6.7",
                "shasum": null
            },
            "require": {
                "composer/installers": "~1.0"
            },
            "type": "wordpress-plugin",
            "homepage": "https://wordpress.org/plugins/tinymce-advanced/"
        },
        {
            "name": "wpackagist-plugin/wp-bitly",
            "version": "1.0.1",
            "source": {
                "type": "svn",
                "url": "https://plugins.svn.wordpress.org/wp-bitly/",
                "reference": "tags/1.0.1"
            },
            "dist": {
                "type": "zip",
                "url": "https://downloads.wordpress.org/plugin/wp-bitly.1.0.1.zip",
                "reference": "tags/1.0.1",
                "shasum": null
            },
            "require": {
                "composer/installers": "~1.0"
            },
            "type": "wordpress-plugin",
            "homepage": "https://wordpress.org/plugins/wp-bitly/"
        },
        {
            "name": "wpackagist-theme/twentyseventeen",
            "version": "1.6",
            "source": {
                "type": "svn",
                "url": "https://themes.svn.wordpress.org/twentyseventeen/",
                "reference": "1.6"
            },
            "dist": {
                "type": "zip",
                "url": "https://downloads.wordpress.org/theme/twentyseventeen.1.6.zip",
                "reference": null,
                "shasum": null
            },
            "require": {
                "composer/installers": "~1.0"
            },
            "type": "wordpress-theme",
            "homepage": "https://wordpress.org/themes/twentyseventeen/"
        },
        {
            "name": "xrstf/composer-php52",
            "version": "v1.0.20",
            "source": {
                "type": "git",
                "url": "https://github.com/composer-php52/composer-php52.git",
                "reference": "bd41459d5e27df8d33057842b32377c39e97a5a8"
            },
            "dist": {
                "type": "zip",
                "url": "https://api.github.com/repos/composer-php52/composer-php52/zipball/bd41459d5e27df8d33057842b32377c39e97a5a8",
                "reference": "bd41459d5e27df8d33057842b32377c39e97a5a8",
                "shasum": ""
            },
            "type": "library",
            "extra": {
                "branch-alias": {
                    "dev-default": "1.x-dev"
                }
            },
            "autoload": {
                "psr-0": {
                    "xrstf\\Composer52": "lib/"
                }
            },
            "notification-url": "https://packagist.org/downloads/",
            "license": [
                "MIT"
            ],
            "time": "2016-04-16T21:52:24+00:00"
        },
        {
            "name": "yoast/api-libs",
            "version": "2.0",
            "source": {
                "type": "git",
                "url": "https://github.com/Yoast/api-libs.git",
                "reference": "e7361081a1d6ae79c0b96c8363379435ea736ef8"
            },
            "dist": {
                "type": "zip",
                "url": "https://api.github.com/repos/Yoast/api-libs/zipball/e7361081a1d6ae79c0b96c8363379435ea736ef8",
                "reference": "e7361081a1d6ae79c0b96c8363379435ea736ef8",
                "shasum": ""
            },
            "type": "library",
            "autoload": {
                "classmap": [
                    "class-api-libs.php"
                ]
            },
            "notification-url": "https://packagist.org/downloads/",
            "license": [
                "GPL-3.0"
            ],
            "authors": [
                {
                    "name": "Team Yoast",
                    "email": "support@yoast.com",
                    "homepage": "https://yoast.com"
                }
            ],
            "description": "Shared API libraries for Yoast projects.",
            "homepage": "https://github.com/Yoast/api-libs",
            "keywords": [
                "wordpress"
            ],
            "time": "2015-07-14T10:25:59+00:00"
        },
        {
            "name": "yoast/i18n-module",
            "version": "3.0.0",
            "source": {
                "type": "git",
                "url": "https://github.com/Yoast/i18n-module.git",
                "reference": "76b1645aaf8cf9a07dc06ec0bbe2a6838feeed4c"
            },
            "dist": {
                "type": "zip",
                "url": "https://api.github.com/repos/Yoast/i18n-module/zipball/76b1645aaf8cf9a07dc06ec0bbe2a6838feeed4c",
                "reference": "76b1645aaf8cf9a07dc06ec0bbe2a6838feeed4c",
                "shasum": ""
            },
            "type": "library",
            "autoload": {
                "classmap": [
                    "src/"
                ]
            },
            "notification-url": "https://packagist.org/downloads/",
            "license": [
                "GPL-2.0+"
            ],
            "authors": [
                {
                    "name": "Team Yoast",
                    "email": "support@yoast.com",
                    "homepage": "https://yoast.com"
                }
            ],
            "description": "Handle i18n for WordPress plugins.",
            "homepage": "https://github.com/Yoast/i18n-module",
            "keywords": [
                "wordpress"
            ],
            "time": "2017-09-06T07:17:52+00:00"
        },
        {
            "name": "yoast/license-manager",
            "version": "1.6.0",
            "source": {
                "type": "git",
                "url": "https://github.com/Yoast/License-Manager.git",
                "reference": "fbacabb06d788912fead4f32d0d1d8b9a2d883c9"
            },
            "dist": {
                "type": "zip",
                "url": "https://api.github.com/repos/Yoast/License-Manager/zipball/fbacabb06d788912fead4f32d0d1d8b9a2d883c9",
                "reference": "fbacabb06d788912fead4f32d0d1d8b9a2d883c9",
                "shasum": ""
            },
            "type": "library",
            "autoload": {
                "classmap": [
                    "class-api-request.php",
                    "class-license-manager.php",
                    "class-plugin-license-manager.php",
                    "class-plugin-update-manager.php",
                    "class-product.php",
                    "class-theme-license-manager.php",
                    "class-theme-update-manager.php",
                    "class-update-manager.php"
                ]
            },
            "notification-url": "https://packagist.org/downloads/",
            "license": [
                "GPL-2.0+"
            ],
            "authors": [
                {
                    "name": "Team Yoast",
                    "email": "support@yoast.com",
                    "homepage": "https://yoast.com"
                }
            ],
            "description": "Yoast License Manager.",
            "homepage": "https://github.com/Yoast/License-Manager",
            "keywords": [
                "wordpress"
            ],
            "time": "2017-08-22T07:59:16+00:00"
        },
        {
            "name": "yoast/whip",
            "version": "1.1.0",
            "source": {
                "type": "git",
                "url": "https://github.com/Yoast/whip.git",
                "reference": "f66106f5030a8f426ea2f0314bae814862336db1"
            },
            "dist": {
                "type": "zip",
                "url": "https://api.github.com/repos/Yoast/whip/zipball/f66106f5030a8f426ea2f0314bae814862336db1",
                "reference": "f66106f5030a8f426ea2f0314bae814862336db1",
                "shasum": ""
            },
            "require": {
                "xrstf/composer-php52": "^1.0"
            },
            "require-dev": {
                "phpunit/phpunit": "^3.6.12"
            },
            "type": "library",
            "autoload": {
                "files": [
                    "src/facades/wordpress.php"
                ],
                "classmap": [
                    "src/"
                ]
            },
            "notification-url": "https://packagist.org/downloads/",
            "license": [
                "GPL-3.0+"
            ],
            "authors": [
                {
                    "name": "Team Yoast",
                    "email": "support@yoast.com"
                }
            ],
            "description": "A WordPress package to nudge users to upgrade their software versions (starting with PHP)",
            "time": "2017-08-04T10:00:35+00:00"
        },
        {
            "name": "yoast/wordpress-seo",
            "version": "7.9",
            "source": {
                "type": "git",
                "url": "https://github.com/Yoast/wordpress-seo.git",
                "reference": "9d2ba283c67e3a6fa7e563bb189a3c04bc13aee2"
            },
            "dist": {
                "type": "zip",
                "url": "https://api.github.com/repos/Yoast/wordpress-seo/zipball/9d2ba283c67e3a6fa7e563bb189a3c04bc13aee2",
                "reference": "9d2ba283c67e3a6fa7e563bb189a3c04bc13aee2",
                "shasum": ""
            },
            "require": {
                "composer/installers": "~1.0",
                "xrstf/composer-php52": "^1.0.20",
                "yoast/api-libs": "^2.0",
                "yoast/i18n-module": "^3.0",
                "yoast/license-manager": "1.6.0",
                "yoast/whip": "^1.1.0"
            },
            "require-dev": {
                "roave/security-advisories": "dev-master",
                "yoast/php-development-environment": "^1.0",
                "yoast/yoastcs": "~0.4.3"
            },
            "type": "wordpress-plugin",
            "autoload": {
                "classmap": [
                    "admin/",
                    "frontend/",
                    "inc/",
                    "deprecated/",
                    "cli/"
                ]
            },
            "notification-url": "https://packagist.org/downloads/",
            "license": [
                "GPL-2.0-or-later"
            ],
            "authors": [
                {
                    "name": "Team Yoast",
                    "email": "support@yoast.com",
                    "homepage": "https://yoa.st/1--"
                }
            ],
            "description": "Improve your WordPress SEO: Write better content and have a fully optimized WordPress site using the Yoast SEO plugin.",
            "homepage": "https://yoa.st/1ui",
            "keywords": [
                "seo",
                "wordpress"
            ],
            "time": "2018-07-24T09:24:50+00:00"
        }
    ],
    "packages-dev": [
        {
            "name": "wpackagist-plugin/show-current-template",
            "version": "0.3.0",
            "source": {
                "type": "svn",
                "url": "https://plugins.svn.wordpress.org/show-current-template/",
                "reference": "tags/0.3.0"
            },
            "dist": {
                "type": "zip",
                "url": "https://downloads.wordpress.org/plugin/show-current-template.0.3.0.zip",
                "reference": "tags/0.3.0",
                "shasum": null
            },
            "require": {
                "composer/installers": "~1.0"
            },
            "type": "wordpress-plugin",
            "homepage": "https://wordpress.org/plugins/show-current-template/"
        }
    ],
    "aliases": [],
    "minimum-stability": "stable",
    "stability-flags": {
        "wpackagist-plugin/akismet": 20
    },
    "prefer-stable": false,
    "prefer-lowest": false,
    "platform": {
        "php": ">=5.5"
    },
    "platform-dev": []
}
